
Microsoft Visual Studio Solution File, Format Version 12.00
# Visual Studio 15
VisualStudioVersion = 15.0.28307.168
MinimumVisualStudioVersion = 10.0.40219.1
Project("{FAE04EC0-301F-11D3-BF4B-00C04F79EFBC}") = "Color.Directive", "Color.Directive\Color.Directive.csproj", "{00000000-436F-6C6F-722E-4469722E6373}"
EndProject
Global
	GlobalSection(SolutionConfigurationPlatforms) = preSolution
		Debug|Any CPU = Debug|Any CPU
		Release|Any CPU = Release|Any CPU
	EndGlobalSection
	GlobalSection(ProjectConfigurationPlatforms) = postSolution
		{00000000-436F-6C6F-722E-4469722E6373}.Debug|Any CPU.ActiveCfg = Debug|Any CPU
		{00000000-436F-6C6F-722E-4469722E6373}.Debug|Any CPU.Build.0 = Debug|Any CPU
		{00000000-436F-6C6F-722E-4469722E6373}.Release|Any CPU.ActiveCfg = Release|Any CPU
		{00000000-436F-6C6F-722E-4469722E6373}.Release|Any CPU.Build.0 = Release|Any CPU
	EndGlobalSection
	GlobalSection(SolutionProperties) = preSolution
		HideSolutionNode = FALSE
	EndGlobalSection
	GlobalSection(ExtensibilityGlobals) = postSolution
		SolutionGuid = {00000043-6f6c-6f72-2e44-69722e736c6e}
	EndGlobalSection
EndGlobal
